{
  "object": {
    "pins": [
      {
        "package": "Reactions",
        "repositoryURL": "https://github.com/caiobzen/Reactions.git",
        "state": {
          "branch": null,
          "revision": "6d11a5fe23699e67934d891442b2abb026907d34",
          "version": "1.1.2"
        }
      }
    ]
  },
  "version": 1
}
