{
  "object": {
    "pins": [
      {
        "package": "Reactions",
        "repositoryURL": "https://github.com/caiobzen/Reactions.git",
        "state": {
          "branch": null,
          "revision": "8353276ab214301197cc310e660ea832037a9644",
          "version": "1.0.5"
        }
      }
    ]
  },
  "version": 1
}
